
Microsoft Visual Studio Solution File, Format Version 12.00
# Visual Studio 15
VisualStudioVersion = 15.0.27428.2027
MinimumVisualStudioVersion = 10.0.40219.1
Project("{FAE04EC0-301F-11D3-BF4B-00C04F79EFBC}") = "Homework_02_fall_18", "Homework_02_fall_18\Homework_02_fall_18.csproj", "{9CD05F3C-8D91-4DFE-AB13-40FD246C2C42}"
EndProject
Global
	GlobalSection(SolutionConfigurationPlatforms) = preSolution
		Debug|Any CPU = Debug|Any CPU
		Release|Any CPU = Release|Any CPU
	EndGlobalSection
	GlobalSection(ProjectConfigurationPlatforms) = postSolution
		{9CD05F3C-8D91-4DFE-AB13-40FD246C2C42}.Debug|Any CPU.ActiveCfg = Debug|Any CPU
		{9CD05F3C-8D91-4DFE-AB13-40FD246C2C42}.Debug|Any CPU.Build.0 = Debug|Any CPU
		{9CD05F3C-8D91-4DFE-AB13-40FD246C2C42}.Release|Any CPU.ActiveCfg = Release|Any CPU
		{9CD05F3C-8D91-4DFE-AB13-40FD246C2C42}.Release|Any CPU.Build.0 = Release|Any CPU
	EndGlobalSection
	GlobalSection(SolutionProperties) = preSolution
		HideSolutionNode = FALSE
	EndGlobalSection
	GlobalSection(ExtensibilityGlobals) = postSolution
		SolutionGuid = {398D46F8-4FA1-46CF-AA66-955A10A3B478}
	EndGlobalSection
EndGlobal
