
Microsoft Visual Studio Solution File, Format Version 12.00
# Visual Studio 15
VisualStudioVersion = 15.0.27428.2027
MinimumVisualStudioVersion = 10.0.40219.1
Project("{FAE04EC0-301F-11D3-BF4B-00C04F79EFBC}") = "lab_04_fall_18", "lab_04_fall_18\lab_04_fall_18.csproj", "{0CA5BB13-DCFF-4268-A7E9-48076E374C78}"
EndProject
Global
	GlobalSection(SolutionConfigurationPlatforms) = preSolution
		Debug|Any CPU = Debug|Any CPU
		Release|Any CPU = Release|Any CPU
	EndGlobalSection
	GlobalSection(ProjectConfigurationPlatforms) = postSolution
		{0CA5BB13-DCFF-4268-A7E9-48076E374C78}.Debug|Any CPU.ActiveCfg = Debug|Any CPU
		{0CA5BB13-DCFF-4268-A7E9-48076E374C78}.Debug|Any CPU.Build.0 = Debug|Any CPU
		{0CA5BB13-DCFF-4268-A7E9-48076E374C78}.Release|Any CPU.ActiveCfg = Release|Any CPU
		{0CA5BB13-DCFF-4268-A7E9-48076E374C78}.Release|Any CPU.Build.0 = Release|Any CPU
	EndGlobalSection
	GlobalSection(SolutionProperties) = preSolution
		HideSolutionNode = FALSE
	EndGlobalSection
	GlobalSection(ExtensibilityGlobals) = postSolution
		SolutionGuid = {B23C9224-D39C-4074-B582-BE0A36B22F07}
	EndGlobalSection
EndGlobal
