
Microsoft Visual Studio Solution File, Format Version 12.00
# Visual Studio 15
VisualStudioVersion = 15.0.27428.2027
MinimumVisualStudioVersion = 10.0.40219.1
Project("{FAE04EC0-301F-11D3-BF4B-00C04F79EFBC}") = "Lab10_Group5", "Lab_09_Bell3k\Lab10_Group5.csproj", "{A633F528-DED3-4336-9546-30D3A3ABC115}"
EndProject
Global
	GlobalSection(SolutionConfigurationPlatforms) = preSolution
		Debug|Any CPU = Debug|Any CPU
		Release|Any CPU = Release|Any CPU
	EndGlobalSection
	GlobalSection(ProjectConfigurationPlatforms) = postSolution
		{A633F528-DED3-4336-9546-30D3A3ABC115}.Debug|Any CPU.ActiveCfg = Debug|Any CPU
		{A633F528-DED3-4336-9546-30D3A3ABC115}.Debug|Any CPU.Build.0 = Debug|Any CPU
		{A633F528-DED3-4336-9546-30D3A3ABC115}.Release|Any CPU.ActiveCfg = Release|Any CPU
		{A633F528-DED3-4336-9546-30D3A3ABC115}.Release|Any CPU.Build.0 = Release|Any CPU
	EndGlobalSection
	GlobalSection(SolutionProperties) = preSolution
		HideSolutionNode = FALSE
	EndGlobalSection
	GlobalSection(ExtensibilityGlobals) = postSolution
		SolutionGuid = {CEEA0C61-EA27-4A62-B488-5F225A70FE31}
	EndGlobalSection
EndGlobal
