
Microsoft Visual Studio Solution File, Format Version 12.00
# Visual Studio 15
VisualStudioVersion = 15.0.27428.2027
MinimumVisualStudioVersion = 10.0.40219.1
Project("{FAE04EC0-301F-11D3-BF4B-00C04F79EFBC}") = "lab_03_sln", "lab_03_sln\lab_03_sln.csproj", "{F8EEF118-C02D-4026-9276-A074DFA32CFC}"
EndProject
Global
	GlobalSection(SolutionConfigurationPlatforms) = preSolution
		Debug|Any CPU = Debug|Any CPU
		Release|Any CPU = Release|Any CPU
	EndGlobalSection
	GlobalSection(ProjectConfigurationPlatforms) = postSolution
		{F8EEF118-C02D-4026-9276-A074DFA32CFC}.Debug|Any CPU.ActiveCfg = Debug|Any CPU
		{F8EEF118-C02D-4026-9276-A074DFA32CFC}.Debug|Any CPU.Build.0 = Debug|Any CPU
		{F8EEF118-C02D-4026-9276-A074DFA32CFC}.Release|Any CPU.ActiveCfg = Release|Any CPU
		{F8EEF118-C02D-4026-9276-A074DFA32CFC}.Release|Any CPU.Build.0 = Release|Any CPU
	EndGlobalSection
	GlobalSection(SolutionProperties) = preSolution
		HideSolutionNode = FALSE
	EndGlobalSection
	GlobalSection(ExtensibilityGlobals) = postSolution
		SolutionGuid = {8BFCBBB2-2667-4113-9C83-1F65D85BD713}
	EndGlobalSection
EndGlobal
