
Microsoft Visual Studio Solution File, Format Version 12.00
# Visual Studio 15
VisualStudioVersion = 15.0.28307.106
MinimumVisualStudioVersion = 10.0.40219.1
Project("{FAE04EC0-301F-11D3-BF4B-00C04F79EFBC}") = "phill1cp_hw03", "phill1cp_hw03\phill1cp_hw03.csproj", "{55851953-C84B-48FE-9F27-94770085102B}"
EndProject
Global
	GlobalSection(SolutionConfigurationPlatforms) = preSolution
		Debug|Any CPU = Debug|Any CPU
		Release|Any CPU = Release|Any CPU
	EndGlobalSection
	GlobalSection(ProjectConfigurationPlatforms) = postSolution
		{55851953-C84B-48FE-9F27-94770085102B}.Debug|Any CPU.ActiveCfg = Debug|Any CPU
		{55851953-C84B-48FE-9F27-94770085102B}.Debug|Any CPU.Build.0 = Debug|Any CPU
		{55851953-C84B-48FE-9F27-94770085102B}.Release|Any CPU.ActiveCfg = Release|Any CPU
		{55851953-C84B-48FE-9F27-94770085102B}.Release|Any CPU.Build.0 = Release|Any CPU
	EndGlobalSection
	GlobalSection(SolutionProperties) = preSolution
		HideSolutionNode = FALSE
	EndGlobalSection
	GlobalSection(ExtensibilityGlobals) = postSolution
		SolutionGuid = {626C45AE-1993-4E32-95E9-5F0555DA2F03}
	EndGlobalSection
EndGlobal
