
Microsoft Visual Studio Solution File, Format Version 12.00
# Visual Studio 15
VisualStudioVersion = 15.0.27428.2027
MinimumVisualStudioVersion = 10.0.40219.1
Project("{8BC9CEB8-8B4A-11D0-8D11-00A0C91BC942}") = "ConsoleApplication2", "ConsoleApplication2\ConsoleApplication2.vcxproj", "{ADA57701-C1AF-4376-B199-C0951E7FCC27}"
EndProject
Global
	GlobalSection(SolutionConfigurationPlatforms) = preSolution
		Debug|x64 = Debug|x64
		Debug|x86 = Debug|x86
		Release|x64 = Release|x64
		Release|x86 = Release|x86
	EndGlobalSection
	GlobalSection(ProjectConfigurationPlatforms) = postSolution
		{ADA57701-C1AF-4376-B199-C0951E7FCC27}.Debug|x64.ActiveCfg = Debug|x64
		{ADA57701-C1AF-4376-B199-C0951E7FCC27}.Debug|x64.Build.0 = Debug|x64
		{ADA57701-C1AF-4376-B199-C0951E7FCC27}.Debug|x86.ActiveCfg = Debug|Win32
		{ADA57701-C1AF-4376-B199-C0951E7FCC27}.Debug|x86.Build.0 = Debug|Win32
		{ADA57701-C1AF-4376-B199-C0951E7FCC27}.Release|x64.ActiveCfg = Release|x64
		{ADA57701-C1AF-4376-B199-C0951E7FCC27}.Release|x64.Build.0 = Release|x64
		{ADA57701-C1AF-4376-B199-C0951E7FCC27}.Release|x86.ActiveCfg = Release|Win32
		{ADA57701-C1AF-4376-B199-C0951E7FCC27}.Release|x86.Build.0 = Release|Win32
	EndGlobalSection
	GlobalSection(SolutionProperties) = preSolution
		HideSolutionNode = FALSE
	EndGlobalSection
	GlobalSection(ExtensibilityGlobals) = postSolution
		SolutionGuid = {B6ABAB08-B4DF-4375-8BB7-432690FAAFB4}
	EndGlobalSection
EndGlobal
